
Microsoft Visual Studio Solution File, Format Version 12.00
# Visual Studio 2012
Project("{FAE04EC0-301F-11D3-BF4B-00C04F79EFBC}") = "BloodDonate", "BloodDonate\BloodDonate.csproj", "{7FDA1E44-5485-4C0E-A142-59AA716CFD13}"
EndProject
Project("{FAE04EC0-301F-11D3-BF4B-00C04F79EFBC}") = "BloodDonate.iOS", "iOS\BloodDonate.iOS.csproj", "{81CD099D-5BF7-4D5B-8718-ABC654F28CF7}"
EndProject
Project("{FAE04EC0-301F-11D3-BF4B-00C04F79EFBC}") = "BloodDonate.Droid", "Droid\BloodDonate.Droid.csproj", "{7F84C245-825C-4716-91C1-26D9CFDE11B6}"
EndProject
Global
	GlobalSection(SolutionConfigurationPlatforms) = preSolution
		Debug|Any CPU = Debug|Any CPU
		Release|Any CPU = Release|Any CPU
		Debug|iPhoneSimulator = Debug|iPhoneSimulator
		Release|iPhone = Release|iPhone
		Release|iPhoneSimulator = Release|iPhoneSimulator
		Debug|iPhone = Debug|iPhone
	EndGlobalSection
	GlobalSection(ProjectConfigurationPlatforms) = postSolution
		{7FDA1E44-5485-4C0E-A142-59AA716CFD13}.Debug|Any CPU.ActiveCfg = Debug|Any CPU
		{7FDA1E44-5485-4C0E-A142-59AA716CFD13}.Debug|Any CPU.Build.0 = Debug|Any CPU
		{7FDA1E44-5485-4C0E-A142-59AA716CFD13}.Release|Any CPU.ActiveCfg = Release|Any CPU
		{7FDA1E44-5485-4C0E-A142-59AA716CFD13}.Release|Any CPU.Build.0 = Release|Any CPU
		{7FDA1E44-5485-4C0E-A142-59AA716CFD13}.Debug|iPhoneSimulator.ActiveCfg = Debug|Any CPU
		{7FDA1E44-5485-4C0E-A142-59AA716CFD13}.Debug|iPhoneSimulator.Build.0 = Debug|Any CPU
		{7FDA1E44-5485-4C0E-A142-59AA716CFD13}.Release|iPhone.ActiveCfg = Release|Any CPU
		{7FDA1E44-5485-4C0E-A142-59AA716CFD13}.Release|iPhone.Build.0 = Release|Any CPU
		{7FDA1E44-5485-4C0E-A142-59AA716CFD13}.Release|iPhoneSimulator.ActiveCfg = Release|Any CPU
		{7FDA1E44-5485-4C0E-A142-59AA716CFD13}.Release|iPhoneSimulator.Build.0 = Release|Any CPU
		{7FDA1E44-5485-4C0E-A142-59AA716CFD13}.Debug|iPhone.ActiveCfg = Debug|Any CPU
		{7FDA1E44-5485-4C0E-A142-59AA716CFD13}.Debug|iPhone.Build.0 = Debug|Any CPU
		{81CD099D-5BF7-4D5B-8718-ABC654F28CF7}.Debug|Any CPU.ActiveCfg = Debug|iPhoneSimulator
		{81CD099D-5BF7-4D5B-8718-ABC654F28CF7}.Debug|Any CPU.Build.0 = Debug|iPhoneSimulator
		{81CD099D-5BF7-4D5B-8718-ABC654F28CF7}.Release|Any CPU.ActiveCfg = Release|iPhone
		{81CD099D-5BF7-4D5B-8718-ABC654F28CF7}.Release|Any CPU.Build.0 = Release|iPhone
		{81CD099D-5BF7-4D5B-8718-ABC654F28CF7}.Debug|iPhoneSimulator.ActiveCfg = Debug|iPhoneSimulator
		{81CD099D-5BF7-4D5B-8718-ABC654F28CF7}.Debug|iPhoneSimulator.Build.0 = Debug|iPhoneSimulator
		{81CD099D-5BF7-4D5B-8718-ABC654F28CF7}.Release|iPhone.ActiveCfg = Release|iPhone
		{81CD099D-5BF7-4D5B-8718-ABC654F28CF7}.Release|iPhone.Build.0 = Release|iPhone
		{81CD099D-5BF7-4D5B-8718-ABC654F28CF7}.Release|iPhoneSimulator.ActiveCfg = Release|iPhoneSimulator
		{81CD099D-5BF7-4D5B-8718-ABC654F28CF7}.Release|iPhoneSimulator.Build.0 = Release|iPhoneSimulator
		{81CD099D-5BF7-4D5B-8718-ABC654F28CF7}.Debug|iPhone.ActiveCfg = Debug|iPhone
		{81CD099D-5BF7-4D5B-8718-ABC654F28CF7}.Debug|iPhone.Build.0 = Debug|iPhone
		{7F84C245-825C-4716-91C1-26D9CFDE11B6}.Debug|Any CPU.ActiveCfg = Debug|Any CPU
		{7F84C245-825C-4716-91C1-26D9CFDE11B6}.Debug|Any CPU.Build.0 = Debug|Any CPU
		{7F84C245-825C-4716-91C1-26D9CFDE11B6}.Release|Any CPU.ActiveCfg = Release|Any CPU
		{7F84C245-825C-4716-91C1-26D9CFDE11B6}.Release|Any CPU.Build.0 = Release|Any CPU
		{7F84C245-825C-4716-91C1-26D9CFDE11B6}.Debug|iPhoneSimulator.ActiveCfg = Debug|Any CPU
		{7F84C245-825C-4716-91C1-26D9CFDE11B6}.Debug|iPhoneSimulator.Build.0 = Debug|Any CPU
		{7F84C245-825C-4716-91C1-26D9CFDE11B6}.Release|iPhone.ActiveCfg = Release|Any CPU
		{7F84C245-825C-4716-91C1-26D9CFDE11B6}.Release|iPhone.Build.0 = Release|Any CPU
		{7F84C245-825C-4716-91C1-26D9CFDE11B6}.Release|iPhoneSimulator.ActiveCfg = Release|Any CPU
		{7F84C245-825C-4716-91C1-26D9CFDE11B6}.Release|iPhoneSimulator.Build.0 = Release|Any CPU
		{7F84C245-825C-4716-91C1-26D9CFDE11B6}.Debug|iPhone.ActiveCfg = Debug|Any CPU
		{7F84C245-825C-4716-91C1-26D9CFDE11B6}.Debug|iPhone.Build.0 = Debug|Any CPU
	EndGlobalSection
EndGlobal
